GEM
  remote: https://rubygems.org/
  specs:
    activesupport (8.1.3)
      base64
      bigdecimal
      concurrent-ruby (~> 1.0, >= 1.3.1)
      connection_pool (>= 2.2.5)
      drb
      i18n (>= 1.6, < 2)
      json
      logger (>= 1.4.2)
      minitest (>= 5.1)
      securerandom (>= 0.3)
      tzinfo (~> 2.0, >= 2.0.5)
      uri (>= 0.13.1)
    addressable (2.8.9)
      public_suffix (>= 2.0.2, < 8.0)
    ast (2.4.3)
    base64 (0.3.0)
    bigdecimal (4.0.1)
    capybara (3.40.0)
      addressable
      matrix
      mini_mime (>= 0.1.3)
      nokogiri (~> 1.11)
      rack (>= 1.6.0)
      rack-test (>= 0.6.3)
      regexp_parser (>= 1.5, < 3.0)
      xpath (~> 3.2)
    childprocess (5.1.0)
      logger (~> 1.5)
    concurrent-ruby (1.3.6)
    connection_pool (3.0.2)
    declarative (0.0.20)
    deep_merge (1.2.2)
    diff-lcs (2.0.0)
    domain_name (0.6.20240107)
    drb (2.2.3)
    ffi (1.17.4)
    ffi (1.17.4-aarch64-linux-gnu)
    ffi (1.17.4-arm64-darwin)
    ffi (1.17.4-x86_64-linux-gnu)
    gauge-ruby (1.0.0)
      grpc (~> 1.74)
      parser (~> 3.2)
      unparser (>= 0.6.6, < 0.9.0)
    google-protobuf (4.34.1)
      bigdecimal
      rake (~> 13.3)
    google-protobuf (4.34.1-aarch64-linux-gnu)
      bigdecimal
      rake (~> 13.3)
    google-protobuf (4.34.1-arm64-darwin)
      bigdecimal
      rake (~> 13.3)
    google-protobuf (4.34.1-x86_64-linux-gnu)
      bigdecimal
      rake (~> 13.3)
    googleapis-common-protos-types (1.22.0)
      google-protobuf (~> 4.26)
    grpc (1.78.1)
      google-protobuf (>= 3.25, < 5.0)
      googleapis-common-protos-types (~> 1.0)
    grpc (1.78.1-aarch64-linux-gnu)
      google-protobuf (>= 3.25, < 5.0)
      googleapis-common-protos-types (~> 1.0)
    grpc (1.78.1-arm64-darwin)
      google-protobuf (>= 3.25, < 5.0)
      googleapis-common-protos-types (~> 1.0)
    grpc (1.78.1-x86_64-linux-gnu)
      google-protobuf (>= 3.25, < 5.0)
      googleapis-common-protos-types (~> 1.0)
    http-accept (1.7.0)
    http-cookie (1.1.0)
      domain_name (~> 0.5)
    i18n (1.14.8)
      concurrent-ruby (~> 1.0)
    json (2.19.3)
    json_builder (3.1.7)
      activesupport (>= 2.0.0)
      json
    ladle (1.0.1)
      open4 (~> 1.0)
    logger (1.7.0)
    matrix (0.4.3)
    mime-types (3.7.0)
      logger
      mime-types-data (~> 3.2025, >= 3.2025.0507)
    mime-types-data (3.2026.0317)
    mini_mime (1.1.5)
    mini_portile2 (2.8.9)
    minitest (6.0.2)
      drb (~> 2.0)
      prism (~> 1.5)
    multi_json (1.19.1)
    netrc (0.11.0)
    nokogiri (1.19.2)
      mini_portile2 (~> 2.8.2)
      racc (~> 1.4)
    nokogiri (1.19.2-aarch64-linux-gnu)
      racc (~> 1.4)
    nokogiri (1.19.2-arm64-darwin)
      racc (~> 1.4)
    nokogiri (1.19.2-x86_64-linux-gnu)
      racc (~> 1.4)
    open4 (1.3.4)
    os (1.1.4)
    ostruct (0.6.3)
    parser (3.3.11.1)
      ast (~> 2.4.1)
      racc
    power_assert (3.0.1)
    prism (1.9.0)
    public_suffix (7.0.5)
    racc (1.8.1)
    rack (3.2.6)
    rack-test (2.2.0)
      rack (>= 1.3)
    rake (13.3.1)
    regexp_parser (2.11.3)
    representable (3.2.0)
      declarative (< 0.1.0)
      trailblazer-option (>= 0.1.1, < 0.2.0)
      uber (< 0.2.0)
    rest-client (2.1.0)
      http-accept (>= 1.7.0, < 2.0)
      http-cookie (>= 1.0.2, < 2.0)
      mime-types (>= 1.16, < 4.0)
      netrc (~> 0.8)
    rexml (3.4.4)
    roar (1.2.0)
      representable (~> 3.1)
    rubyzip (3.2.2)
    securerandom (0.4.1)
    selenium-webdriver (4.41.0)
      base64 (~> 0.2)
      logger (~> 1.4)
      rexml (~> 3.2, >= 3.2.5)
      rubyzip (>= 1.2.2, < 4.0)
      websocket (~> 1.0)
    site_prism (6.0)
      addressable (~> 2.8, >= 2.8.4)
      base64 (~> 0.3.0)
      capybara (~> 3.37)
      logger (~> 1.7)
      site_prism-all_there (> 3, < 5)
    site_prism-all_there (3.0.8)
    sys-proctable (1.3.0)
      ffi (~> 1.1)
    test-unit (3.7.7)
      power_assert
    trailblazer-option (0.1.2)
    tzinfo (2.0.6)
      concurrent-ruby (~> 1.0)
    uber (0.1.0)
    unparser (0.8.2)
      diff-lcs (>= 1.6, < 3)
      parser (>= 3.3.0)
      prism (>= 1.5.1)
    uri (1.1.1)
    websocket (1.2.11)
    xpath (3.2.0)
      nokogiri (~> 1.8)

PLATFORMS
  aarch64-linux-gnu
  arm64-darwin
  ruby
  x86_64-linux-gnu

DEPENDENCIES
  base64
  childprocess
  deep_merge
  gauge-ruby
  json_builder
  ladle
  multi_json
  os
  ostruct
  rake
  rest-client
  roar
  selenium-webdriver
  site_prism
  sys-proctable
  test-unit

CHECKSUMS
  activesupport (8.1.3) sha256=21a5e0dfbd4c3ddd9e1317ec6a4d782fa226e7867dc70b0743acda81a1dca20e
  addressable (2.8.9) sha256=cc154fcbe689711808a43601dee7b980238ce54368d23e127421753e46895485
  ast (2.4.3) sha256=954615157c1d6a382bc27d690d973195e79db7f55e9765ac7c481c60bdb4d383
  base64 (0.3.0) sha256=27337aeabad6ffae05c265c450490628ef3ebd4b67be58257393227588f5a97b
  bigdecimal (4.0.1) sha256=8b07d3d065a9f921c80ceaea7c9d4ae596697295b584c296fe599dd0ad01c4a7
  capybara (3.40.0) sha256=42dba720578ea1ca65fd7a41d163dd368502c191804558f6e0f71b391054aeef
  childprocess (5.1.0) sha256=9a8d484be2fd4096a0e90a0cd3e449a05bc3aa33f8ac9e4d6dcef6ac1455b6ec
  concurrent-ruby (1.3.6) sha256=6b56837e1e7e5292f9864f34b69c5a2cbc75c0cf5338f1ce9903d10fa762d5ab
  connection_pool (3.0.2) sha256=33fff5ba71a12d2aa26cb72b1db8bba2a1a01823559fb01d29eb74c286e62e0a
  declarative (0.0.20) sha256=8021dd6cb17ab2b61233c56903d3f5a259c5cf43c80ff332d447d395b17d9ff9
  deep_merge (1.2.2) sha256=83ced3a3d7f95f67de958d2ce41b1874e83c8d94fe2ddbff50c8b4b82323563a
  diff-lcs (2.0.0) sha256=708a5d52ec2945b50f8f53a181174aa1ef2c496edf81c05957fe956dabb363d5
  domain_name (0.6.20240107) sha256=5f693b2215708476517479bf2b3802e49068ad82167bcd2286f899536a17d933
  drb (2.2.3) sha256=0b00d6fdb50995fe4a45dea13663493c841112e4068656854646f418fda13373
  ffi (1.17.4) sha256=bcd1642e06f0d16fc9e09ac6d49c3a7298b9789bcb58127302f934e437d60acf
  ffi (1.17.4-aarch64-linux-gnu) sha256=b208f06f91ffd8f5e1193da3cae3d2ccfc27fc36fba577baf698d26d91c080df
  ffi (1.17.4-arm64-darwin) sha256=19071aaf1419251b0a46852abf960e77330a3b334d13a4ab51d58b31a937001b
  ffi (1.17.4-x86_64-linux-gnu) sha256=9d3db14c2eae074b382fa9c083fe95aec6e0a1451da249eab096c34002bc752d
  gauge-ruby (1.0.0) sha256=4f1b014830dab8d8e878d803c005f20917713df4059743d5d71bee2a8a6ae64e
  google-protobuf (4.34.1) sha256=347181542b8d659c60f028fa3791c9cccce651a91ad27782dbc5c5e374796cdc
  google-protobuf (4.34.1-aarch64-linux-gnu) sha256=f9c07607dc139c895f2792a7740fcd01cd94d4d7b0e0a939045b50d7999f0b1d
  google-protobuf (4.34.1-arm64-darwin) sha256=2745061f973119e6e7f3c81a0c77025d291a3caa6585a2cd24a25bbc7bedb267
  google-protobuf (4.34.1-x86_64-linux-gnu) sha256=87088c9fd8e47b5b40ca498fc1195add6149e941ff7e81c532a5b0b8876d4cc9
  googleapis-common-protos-types (1.22.0) sha256=f97492b77bd6da0018c860d5004f512fe7cd165554d7019a8f4df6a56fbfc4c7
  grpc (1.78.1) sha256=c9e8a54cf901263c25c1e17af116f9145fbfdf4b69931234581b0be2059f6758
  grpc (1.78.1-aarch64-linux-gnu) sha256=11597d75fd0efc855a5d8898867d00179ad215ddca2ec53ddb4d1b3a9bf313a4
  grpc (1.78.1-arm64-darwin) sha256=7378b58db8dc65b19dce8006a47c0da30f1faf5d07160d2e1816c31126d3a388
  grpc (1.78.1-x86_64-linux-gnu) sha256=c0715fe9bc80cf21fbaca2713abf8db6f628f6f31ec1d8762b667151e6ab0c9f
  http-accept (1.7.0) sha256=c626860682bfbb3b46462f8c39cd470fd7b0584f61b3cc9df5b2e9eb9972a126
  http-cookie (1.1.0) sha256=38a5e60d1527eebc396831b8c4b9455440509881219273a6c99943d29eadbb19
  i18n (1.14.8) sha256=285778639134865c5e0f6269e0b818256017e8cde89993fdfcbfb64d088824a5
  json (2.19.3) sha256=289b0bb53052a1fa8c34ab33cc750b659ba14a5c45f3fcf4b18762dc67c78646
  json_builder (3.1.7) sha256=100a77f33693c310d275fbe4cd00cafc0dc8bdd8310011fe635c395444ec3f51
  ladle (1.0.1) sha256=e8586964108c798d48bf57d2a65bd5602e8e5223a176b6602a0fb36c0bda90dc
  logger (1.7.0) sha256=196edec7cc44b66cfb40f9755ce11b392f21f7967696af15d274dde7edff0203
  matrix (0.4.3) sha256=a0d5ab7ddcc1973ff690ab361b67f359acbb16958d1dc072b8b956a286564c5b
  mime-types (3.7.0) sha256=dcebf61c246f08e15a4de34e386ebe8233791e868564a470c3fe77c00eed5e56
  mime-types-data (3.2026.0317) sha256=77f078a4d8631d52b842ba77099734b06eddb7ad339d792e746d2272b67e511b
  mini_mime (1.1.5) sha256=8681b7e2e4215f2a159f9400b5816d85e9d8c6c6b491e96a12797e798f8bccef
  mini_portile2 (2.8.9) sha256=0cd7c7f824e010c072e33f68bc02d85a00aeb6fce05bb4819c03dfd3c140c289
  minitest (6.0.2) sha256=db6e57956f6ecc6134683b4c87467d6dd792323c7f0eea7b93f66bd284adbc3d
  multi_json (1.19.1) sha256=7aefeff8f2c854bf739931a238e4aea64592845e0c0395c8a7d2eea7fdd631b7
  netrc (0.11.0) sha256=de1ce33da8c99ab1d97871726cba75151113f117146becbe45aa85cb3dabee3f
  nokogiri (1.19.2) sha256=38fdd8b59db3d5ea9e7dfb14702e882b9bf819198d5bf976f17ebce12c481756
  nokogiri (1.19.2-aarch64-linux-gnu) sha256=c34d5c8208025587554608e98fd88ab125b29c80f9352b821964e9a5d5cfbd19
  nokogiri (1.19.2-arm64-darwin) sha256=58d8ea2e31a967b843b70487a44c14c8ba1866daa1b9da9be9dbdf1b43dee205
  nokogiri (1.19.2-x86_64-linux-gnu) sha256=fa8feca882b73e871a9845f3817a72e9734c8e974bdc4fbad6e4bc6e8076b94f
  open4 (1.3.4) sha256=a1df037310624ecc1ea1d81264b11c83e96d0c3c1c6043108d37d396dcd0f4b1
  os (1.1.4) sha256=57816d6a334e7bd6aed048f4b0308226c5fb027433b67d90a9ab435f35108d3f
  ostruct (0.6.3) sha256=95a2ed4a4bd1d190784e666b47b2d3f078e4a9efda2fccf18f84ddc6538ed912
  parser (3.3.11.1) sha256=d17ace7aabe3e72c3cc94043714be27cc6f852f104d81aa284c2281aecc65d54
  power_assert (3.0.1) sha256=8ce9876716cc74e863fcd4cdcdc52d792bd983598d1af3447083a3a9a4d34103
  prism (1.9.0) sha256=7b530c6a9f92c24300014919c9dcbc055bf4cdf51ec30aed099b06cd6674ef85
  public_suffix (7.0.5) sha256=1a8bb08f1bbea19228d3bed6e5ed908d1cb4f7c2726d18bd9cadf60bc676f623
  racc (1.8.1) sha256=4a7f6929691dbec8b5209a0b373bc2614882b55fc5d2e447a21aaa691303d62f
  rack (3.2.6) sha256=5ed78e1f73b2e25679bec7d45ee2d4483cc4146eb1be0264fc4d94cb5ef212c2
  rack-test (2.2.0) sha256=005a36692c306ac0b4a9350355ee080fd09ddef1148a5f8b2ac636c720f5c463
  rake (13.3.1) sha256=8c9e89d09f66a26a01264e7e3480ec0607f0c497a861ef16063604b1b08eb19c
  regexp_parser (2.11.3) sha256=ca13f381a173b7a93450e53459075c9b76a10433caadcb2f1180f2c741fc55a4
  representable (3.2.0) sha256=cc29bf7eebc31653586849371a43ffe36c60b54b0a6365b5f7d95ec34d1ebace
  rest-client (2.1.0) sha256=35a6400bdb14fae28596618e312776c158f7ebbb0ccad752ff4fa142bf2747e3
  rexml (3.4.4) sha256=19e0a2c3425dfbf2d4fc1189747bdb2f849b6c5e74180401b15734bc97b5d142
  roar (1.2.0) sha256=8db4d1ca79c57a5fb746c16c0d5661d7c3e0de3d9553dc016a88d2dba2929d08
  rubyzip (3.2.2) sha256=c0ed99385f0625415c8f05bcae33fe649ed2952894a95ff8b08f26ca57ea5b3c
  securerandom (0.4.1) sha256=cc5193d414a4341b6e225f0cb4446aceca8e50d5e1888743fac16987638ea0b1
  selenium-webdriver (4.41.0) sha256=cdc1173cd55cf186022cea83156cc2d0bec06d337e039b02ad25d94e41bedd22
  site_prism (6.0) sha256=620e06cc0c4dba66554d3a89c8fd49d121b0cb97905198db1bd590c3ddaec3e4
  site_prism-all_there (3.0.8) sha256=ce18c10abef29fca1e625d8e962096cba3906fef88a1e4e2fa5bb7cc5bc12720
  sys-proctable (1.3.0) sha256=31f61ad79aa0d4412155132beadf2b7ca706a6badce4ad2dfeda5d1ca4916e54
  test-unit (3.7.7) sha256=3c89d5ff0690a16bef9946156c4624390402b9d54dfcf4ce9cbd5b06bead1e45
  trailblazer-option (0.1.2) sha256=20e4f12ea4e1f718c8007e7944ca21a329eee4eed9e0fa5dde6e8ad8ac4344a3
  tzinfo (2.0.6) sha256=8daf828cc77bcf7d63b0e3bdb6caa47e2272dcfaf4fbfe46f8c3a9df087a829b
  uber (0.1.0) sha256=5beeb407ff807b5db994f82fa9ee07cfceaa561dad8af20be880bc67eba935dc
  unparser (0.8.2) sha256=654af48a6cfa25baf145563e01f40c60ca7d5c7520ff506912d0bb2f1240fd00
  uri (1.1.1) sha256=379fa58d27ffb1387eaada68c749d1426738bd0f654d812fcc07e7568f5c57c6
  websocket (1.2.11) sha256=b7e7a74e2410b5e85c25858b26b3322f29161e300935f70a0e0d3c35e0462737
  xpath (3.2.0) sha256=6dfda79d91bb3b949b947ecc5919f042ef2f399b904013eb3ef6d20dd3a4082e

RUBY VERSION
  ruby 4.0.1

BUNDLED WITH
  4.0.8
